// !$*UTF8*$!
{
	archiveVersion = 1;
	classes = {
	};
	objectVersion = 55;
	objects = {

/* Begin PBXBuildFile section */
		05D100E97C5E34E9734521D5 /* Pods_LoginViewCode.framework in Frameworks */ = {isa = PBXBuildFile; fileRef = 3B05D62C31ABFBAA55D5A40F /* Pods_LoginViewCode.framework */; };
		6B2BEB0E281B040700FD2A87 /* UserDetailTableViewCell.swift in Sources */ = {isa = PBXBuildFile; fileRef = 6B2BEB0D281B040700FD2A87 /* UserDetailTableViewCell.swift */; };
		6B2BEB11281B19D000FD2A87 /* DataUser.swift in Sources */ = {isa = PBXBuildFile; fileRef = 6B2BEB10281B19CF00FD2A87 /* DataUser.swift */; };
		6B2BEB13281B29BB00FD2A87 /* Assets.xcassets in Resources */ = {isa = PBXBuildFile; fileRef = 6B2BEB12281B29BB00FD2A87 /* Assets.xcassets */; };
		6B2BEB16281C4A7600FD2A87 /* UserDetailView.swift in Sources */ = {isa = PBXBuildFile; fileRef = 6B2BEB15281C4A7600FD2A87 /* UserDetailView.swift */; };
		6B2BEB1A281C71AF00FD2A87 /* SportTableViewCell.swift in Sources */ = {isa = PBXBuildFile; fileRef = 6B2BEB19281C71AF00FD2A87 /* SportTableViewCell.swift */; };
		6B2BEB1C281F161700FD2A87 /* SportTableViewCellScreen.swift in Sources */ = {isa = PBXBuildFile; fileRef = 6B2BEB1B281F161700FD2A87 /* SportTableViewCellScreen.swift */; };
		6B2BEB2028201DD900FD2A87 /* SportCollectionViewCell.swift in Sources */ = {isa = PBXBuildFile; fileRef = 6B2BEB1F28201DD900FD2A87 /* SportCollectionViewCell.swift */; };
		6B2BEB2228201E1800FD2A87 /* SportCollectionViewCellScreen.swift in Sources */ = {isa = PBXBuildFile; fileRef = 6B2BEB2128201E1800FD2A87 /* SportCollectionViewCellScreen.swift */; };
		6B2BEB252820419000FD2A87 /* Sport.swift in Sources */ = {isa = PBXBuildFile; fileRef = 6B2BEB242820419000FD2A87 /* Sport.swift */; };
		6B749BCD2817810600535CD5 /* GoogleService-Info.plist in Resources */ = {isa = PBXBuildFile; fileRef = 6B749BCC2817810500535CD5 /* GoogleService-Info.plist */; };
		6B77CFA2280890D90077158F /* AppDelegate.swift in Sources */ = {isa = PBXBuildFile; fileRef = 6B77CFA1280890D90077158F /* AppDelegate.swift */; };
		6B77CFA4280890D90077158F /* SceneDelegate.swift in Sources */ = {isa = PBXBuildFile; fileRef = 6B77CFA3280890D90077158F /* SceneDelegate.swift */; };
		6B77CFA6280890D90077158F /* LoginViewController.swift in Sources */ = {isa = PBXBuildFile; fileRef = 6B77CFA5280890D90077158F /* LoginViewController.swift */; };
		6B77CFAE280890E00077158F /* LaunchScreen.storyboard in Resources */ = {isa = PBXBuildFile; fileRef = 6B77CFAC280890E00077158F /* LaunchScreen.storyboard */; };
		6B77CFB8280892310077158F /* LoginScreen.swift in Sources */ = {isa = PBXBuildFile; fileRef = 6B77CFB7280892310077158F /* LoginScreen.swift */; };
		6B77CFBD2808952D0077158F /* RegisterViewController.swift in Sources */ = {isa = PBXBuildFile; fileRef = 6B77CFBC2808952D0077158F /* RegisterViewController.swift */; };
		6B8DD1982819BE9B006177A9 /* Alert.swift in Sources */ = {isa = PBXBuildFile; fileRef = 6B8DD1972819BE9B006177A9 /* Alert.swift */; };
		6B8DD19D2819DD05006177A9 /* HomeViewController.swift in Sources */ = {isa = PBXBuildFile; fileRef = 6B8DD19C2819DD05006177A9 /* HomeViewController.swift */; };
		6B8DD19F2819DDA4006177A9 /* HomeScreen.swift in Sources */ = {isa = PBXBuildFile; fileRef = 6B8DD19E2819DDA4006177A9 /* HomeScreen.swift */; };
		6BC13BE0280DDF88006E9F2D /* RegisterScreen.swift in Sources */ = {isa = PBXBuildFile; fileRef = 6BC13BDF280DDF88006E9F2D /* RegisterScreen.swift */; };
/* End PBXBuildFile section */

/* Begin PBXFileReference section */
		3B05D62C31ABFBAA55D5A40F /* Pods_LoginViewCode.framework */ = {isa = PBXFileReference; explicitFileType = wrapper.framework; includeInIndex = 0; path = Pods_LoginViewCode.framework; sourceTree = BUILT_PRODUCTS_DIR; };
		4D4521A6E181A9E2454E8BB8 /* Pods-LoginViewCode.debug.xcconfig */ = {isa = PBXFileReference; includeInIndex = 1; lastKnownFileType = text.xcconfig; name = "Pods-LoginViewCode.debug.xcconfig"; path = "Target Support Files/Pods-LoginViewCode/Pods-LoginViewCode.debug.xcconfig"; sourceTree = "<group>"; };
		5F8181481F985505829D0C12 /* Pods-LoginViewCode.release.xcconfig */ = {isa = PBXFileReference; includeInIndex = 1; lastKnownFileType = text.xcconfig; name = "Pods-LoginViewCode.release.xcconfig"; path = "Target Support Files/Pods-LoginViewCode/Pods-LoginViewCode.release.xcconfig"; sourceTree = "<group>"; };
		6B2BEB0D281B040700FD2A87 /* UserDetailTableViewCell.swift */ = {isa = PBXFileReference; lastKnownFileType = sourcecode.swift; path = UserDetailTableViewCell.swift; sourceTree = "<group>"; };
		6B2BEB10281B19CF00FD2A87 /* DataUser.swift */ = {isa = PBXFileReference; lastKnownFileType = sourcecode.swift; path = DataUser.swift; sourceTree = "<group>"; };
		6B2BEB12281B29BB00FD2A87 /* Assets.xcassets */ = {isa = PBXFileReference; lastKnownFileType = folder.assetcatalog; path = Assets.xcassets; sourceTree = "<group>"; };
		6B2BEB15281C4A7600FD2A87 /* UserDetailView.swift */ = {isa = PBXFileReference; lastKnownFileType = sourcecode.swift; path = UserDetailView.swift; sourceTree = "<group>"; };
		6B2BEB19281C71AF00FD2A87 /* SportTableViewCell.swift */ = {isa = PBXFileReference; lastKnownFileType = sourcecode.swift; path = SportTableViewCell.swift; sourceTree = "<group>"; };
		6B2BEB1B281F161700FD2A87 /* SportTableViewCellScreen.swift */ = {isa = PBXFileReference; lastKnownFileType = sourcecode.swift; path = SportTableViewCellScreen.swift; sourceTree = "<group>"; };
		6B2BEB1F28201DD900FD2A87 /* SportCollectionViewCell.swift */ = {isa = PBXFileReference; lastKnownFileType = sourcecode.swift; path = SportCollectionViewCell.swift; sourceTree = "<group>"; };
		6B2BEB2128201E1800FD2A87 /* SportCollectionViewCellScreen.swift */ = {isa = PBXFileReference; lastKnownFileType = sourcecode.swift; path = SportCollectionViewCellScreen.swift; sourceTree = "<group>"; };
		6B2BEB242820419000FD2A87 /* Sport.swift */ = {isa = PBXFileReference; lastKnownFileType = sourcecode.swift; path = Sport.swift; sourceTree = "<group>"; };
		6B749BCC2817810500535CD5 /* GoogleService-Info.plist */ = {isa = PBXFileReference; fileEncoding = 4; lastKnownFileType = text.plist.xml; path = "GoogleService-Info.plist"; sourceTree = "<group>"; };
		6B77CF9E280890D90077158F /* LoginViewCode.app */ = {isa = PBXFileReference; explicitFileType = wrapper.application; includeInIndex = 0; path = LoginViewCode.app; sourceTree = BUILT_PRODUCTS_DIR; };
		6B77CFA1280890D90077158F /* AppDelegate.swift */ = {isa = PBXFileReference; lastKnownFileType = sourcecode.swift; path = AppDelegate.swift; sourceTree = "<group>"; };
		6B77CFA3280890D90077158F /* SceneDelegate.swift */ = {isa = PBXFileReference; lastKnownFileType = sourcecode.swift; path = SceneDelegate.swift; sourceTree = "<group>"; };
		6B77CFA5280890D90077158F /* LoginViewController.swift */ = {isa = PBXFileReference; lastKnownFileType = sourcecode.swift; path = LoginViewController.swift; sourceTree = "<group>"; };
		6B77CFAD280890E00077158F /* Base */ = {isa = PBXFileReference; lastKnownFileType = file.storyboard; name = Base; path = Base.lproj/LaunchScreen.storyboard; sourceTree = "<group>"; };
		6B77CFAF280890E00077158F /* Info.plist */ = {isa = PBXFileReference; lastKnownFileType = text.plist.xml; path = Info.plist; sourceTree = "<group>"; };
		6B77CFB7280892310077158F /* LoginScreen.swift */ = {isa = PBXFileReference; lastKnownFileType = sourcecode.swift; path = LoginScreen.swift; sourceTree = "<group>"; };
		6B77CFBC2808952D0077158F /* RegisterViewController.swift */ = {isa = PBXFileReference; lastKnownFileType = sourcecode.swift; path = RegisterViewController.swift; sourceTree = "<group>"; };
		6B8DD1972819BE9B006177A9 /* Alert.swift */ = {isa = PBXFileReference; lastKnownFileType = sourcecode.swift; path = Alert.swift; sourceTree = "<group>"; };
		6B8DD19C2819DD05006177A9 /* HomeViewController.swift */ = {isa = PBXFileReference; lastKnownFileType = sourcecode.swift; path = HomeViewController.swift; sourceTree = "<group>"; };
		6B8DD19E2819DDA4006177A9 /* HomeScreen.swift */ = {isa = PBXFileReference; lastKnownFileType = sourcecode.swift; path = HomeScreen.swift; sourceTree = "<group>"; };
		6BC13BDF280DDF88006E9F2D /* RegisterScreen.swift */ = {isa = PBXFileReference; lastKnownFileType = sourcecode.swift; path = RegisterScreen.swift; sourceTree = "<group>"; };
/* End PBXFileReference section */

/* Begin PBXFrameworksBuildPhase section */
		6B77CF9B280890D90077158F /* Frameworks */ = {
			isa = PBXFrameworksBuildPhase;
			buildActionMask = 2147483647;
			files = (
				05D100E97C5E34E9734521D5 /* Pods_LoginViewCode.framework in Frameworks */,
			);
			runOnlyForDeploymentPostprocessing = 0;
		};
/* End PBXFrameworksBuildPhase section */

/* Begin PBXGroup section */
		0F3B4A999CA492C1DAADAC73 /* Frameworks */ = {
			isa = PBXGroup;
			children = (
				3B05D62C31ABFBAA55D5A40F /* Pods_LoginViewCode.framework */,
			);
			name = Frameworks;
			sourceTree = "<group>";
		};
		39ED200CE6C868813D1CC300 /* Pods */ = {
			isa = PBXGroup;
			children = (
				4D4521A6E181A9E2454E8BB8 /* Pods-LoginViewCode.debug.xcconfig */,
				5F8181481F985505829D0C12 /* Pods-LoginViewCode.release.xcconfig */,
			);
			path = Pods;
			sourceTree = "<group>";
		};
		6B2BEB0B281B02E600FD2A87 /* Login */ = {
			isa = PBXGroup;
			children = (
				6B77CFB6280892060077158F /* Screen */,
				6B77CFB5280891F50077158F /* Controller */,
			);
			path = Login;
			sourceTree = "<group>";
		};
		6B2BEB0C281B03D800FD2A87 /* Cell */ = {
			isa = PBXGroup;
			children = (
				6B2BEB18281C718900FD2A87 /* SportTableViewCell */,
				6B2BEB17281C711000FD2A87 /* UserDetailTableViewCell */,
			);
			path = Cell;
			sourceTree = "<group>";
		};
		6B2BEB0F281B19BF00FD2A87 /* Model */ = {
			isa = PBXGroup;
			children = (
				6B2BEB10281B19CF00FD2A87 /* DataUser.swift */,
				6B2BEB242820419000FD2A87 /* Sport.swift */,
			);
			path = Model;
			sourceTree = "<group>";
		};
		6B2BEB14281C4A4D00FD2A87 /* CustomView */ = {
			isa = PBXGroup;
			children = (
				6B2BEB15281C4A7600FD2A87 /* UserDetailView.swift */,
			);
			path = CustomView;
			sourceTree = "<group>";
		};
		6B2BEB17281C711000FD2A87 /* UserDetailTableViewCell */ = {
			isa = PBXGroup;
			children = (
				6B2BEB14281C4A4D00FD2A87 /* CustomView */,
				6B2BEB0D281B040700FD2A87 /* UserDetailTableViewCell.swift */,
			);
			path = UserDetailTableViewCell;
			sourceTree = "<group>";
		};
		6B2BEB18281C718900FD2A87 /* SportTableViewCell */ = {
			isa = PBXGroup;
			children = (
				6B2BEB1E28201D8D00FD2A87 /* CollectionViewCell */,
				6B2BEB19281C71AF00FD2A87 /* SportTableViewCell.swift */,
				6B2BEB1D281F162F00FD2A87 /* CustomView */,
			);
			path = SportTableViewCell;
			sourceTree = "<group>";
		};
		6B2BEB1D281F162F00FD2A87 /* CustomView */ = {
			isa = PBXGroup;
			children = (
				6B2BEB1B281F161700FD2A87 /* SportTableViewCellScreen.swift */,
			);
			path = CustomView;
			sourceTree = "<group>";
		};
		6B2BEB1E28201D8D00FD2A87 /* CollectionViewCell */ = {
			isa = PBXGroup;
			children = (
				6B2BEB1F28201DD900FD2A87 /* SportCollectionViewCell.swift */,
				6B2BEB2328201E2300FD2A87 /* CollectionCustonView */,
			);
			path = CollectionViewCell;
			sourceTree = "<group>";
		};
		6B2BEB2328201E2300FD2A87 /* CollectionCustonView */ = {
			isa = PBXGroup;
			children = (
				6B2BEB2128201E1800FD2A87 /* SportCollectionViewCellScreen.swift */,
			);
			path = CollectionCustonView;
			sourceTree = "<group>";
		};
		6B77CF95280890D90077158F = {
			isa = PBXGroup;
			children = (
				6B77CFA0280890D90077158F /* LoginViewCode */,
				6B77CF9F280890D90077158F /* Products */,
				39ED200CE6C868813D1CC300 /* Pods */,
				0F3B4A999CA492C1DAADAC73 /* Frameworks */,
			);
			sourceTree = "<group>";
		};
		6B77CF9F280890D90077158F /* Products */ = {
			isa = PBXGroup;
			children = (
				6B77CF9E280890D90077158F /* LoginViewCode.app */,
			);
			name = Products;
			sourceTree = "<group>";
		};
		6B77CFA0280890D90077158F /* LoginViewCode */ = {
			isa = PBXGroup;
			children = (
				6B8DD1992819DCD9006177A9 /* Home */,
				6B8DD1962819BE68006177A9 /* Alert */,
				6B77CFB9280894FE0077158F /* Register */,
				6B2BEB0B281B02E600FD2A87 /* Login */,
				6B77CFAC280890E00077158F /* LaunchScreen.storyboard */,
				6B77CFA1280890D90077158F /* AppDelegate.swift */,
				6B77CFA3280890D90077158F /* SceneDelegate.swift */,
				6B2BEB12281B29BB00FD2A87 /* Assets.xcassets */,
				6B77CFAF280890E00077158F /* Info.plist */,
				6B749BCC2817810500535CD5 /* GoogleService-Info.plist */,
			);
			path = LoginViewCode;
			sourceTree = "<group>";
		};
		6B77CFB5280891F50077158F /* Controller */ = {
			isa = PBXGroup;
			children = (
				6B77CFA5280890D90077158F /* LoginViewController.swift */,
			);
			path = Controller;
			sourceTree = "<group>";
		};
		6B77CFB6280892060077158F /* Screen */ = {
			isa = PBXGroup;
			children = (
				6B77CFB7280892310077158F /* LoginScreen.swift */,
			);
			path = Screen;
			sourceTree = "<group>";
		};
		6B77CFB9280894FE0077158F /* Register */ = {
			isa = PBXGroup;
			children = (
				6B77CFBB2808950D0077158F /* Screen */,
				6B77CFBA280895070077158F /* VC */,
			);
			path = Register;
			sourceTree = "<group>";
		};
		6B77CFBA280895070077158F /* VC */ = {
			isa = PBXGroup;
			children = (
				6B77CFBC2808952D0077158F /* RegisterViewController.swift */,
			);
			path = VC;
			sourceTree = "<group>";
		};
		6B77CFBB2808950D0077158F /* Screen */ = {
			isa = PBXGroup;
			children = (
				6BC13BDF280DDF88006E9F2D /* RegisterScreen.swift */,
			);
			path = Screen;
			sourceTree = "<group>";
		};
		6B8DD1962819BE68006177A9 /* Alert */ = {
			isa = PBXGroup;
			children = (
				6B8DD1972819BE9B006177A9 /* Alert.swift */,
			);
			name = Alert;
			path = "New Group";
			sourceTree = "<group>";
		};
		6B8DD1992819DCD9006177A9 /* Home */ = {
			isa = PBXGroup;
			children = (
				6B2BEB0F281B19BF00FD2A87 /* Model */,
				6B2BEB0C281B03D800FD2A87 /* Cell */,
				6B8DD19B2819DCE8006177A9 /* Screen */,
				6B8DD19A2819DCE0006177A9 /* VC */,
			);
			path = Home;
			sourceTree = "<group>";
		};
		6B8DD19A2819DCE0006177A9 /* VC */ = {
			isa = PBXGroup;
			children = (
				6B8DD19C2819DD05006177A9 /* HomeViewController.swift */,
			);
			path = VC;
			sourceTree = "<group>";
		};
		6B8DD19B2819DCE8006177A9 /* Screen */ = {
			isa = PBXGroup;
			children = (
				6B8DD19E2819DDA4006177A9 /* HomeScreen.swift */,
			);
			path = Screen;
			sourceTree = "<group>";
		};
/* End PBXGroup section */

/* Begin PBXNativeTarget section */
		6B77CF9D280890D90077158F /* LoginViewCode */ = {
			isa = PBXNativeTarget;
			buildConfigurationList = 6B77CFB2280890E00077158F /* Build configuration list for PBXNativeTarget "LoginViewCode" */;
			buildPhases = (
				AEABAD0D7AA5483771E736FF /* [CP] Check Pods Manifest.lock */,
				6B77CF9A280890D90077158F /* Sources */,
				6B77CF9B280890D90077158F /* Frameworks */,
				6B77CF9C280890D90077158F /* Resources */,
				953B252DB76BBB9B72FEBA7A /* [CP] Embed Pods Frameworks */,
			);
			buildRules = (
			);
			dependencies = (
			);
			name = LoginViewCode;
			productName = LoginViewCode;
			productReference = 6B77CF9E280890D90077158F /* LoginViewCode.app */;
			productType = "com.apple.product-type.application";
		};
/* End PBXNativeTarget section */

/* Begin PBXProject section */
		6B77CF96280890D90077158F /* Project object */ = {
			isa = PBXProject;
			attributes = {
				BuildIndependentTargetsInParallel = 1;
				LastSwiftUpdateCheck = 1330;
				LastUpgradeCheck = 1330;
				TargetAttributes = {
					6B77CF9D280890D90077158F = {
						CreatedOnToolsVersion = 13.3.1;
					};
				};
			};
			buildConfigurationList = 6B77CF99280890D90077158F /* Build configuration list for PBXProject "LoginViewCode" */;
			compatibilityVersion = "Xcode 13.0";
			developmentRegion = en;
			hasScannedForEncodings = 0;
			knownRegions = (
				en,
				Base,
			);
			mainGroup = 6B77CF95280890D90077158F;
			productRefGroup = 6B77CF9F280890D90077158F /* Products */;
			projectDirPath = "";
			projectRoot = "";
			targets = (
				6B77CF9D280890D90077158F /* LoginViewCode */,
			);
		};
/* End PBXProject section */

/* Begin PBXResourcesBuildPhase section */
		6B77CF9C280890D90077158F /* Resources */ = {
			isa = PBXResourcesBuildPhase;
			buildActionMask = 2147483647;
			files = (
				6B77CFAE280890E00077158F /* LaunchScreen.storyboard in Resources */,
				6B2BEB13281B29BB00FD2A87 /* Assets.xcassets in Resources */,
				6B749BCD2817810600535CD5 /* GoogleService-Info.plist in Resources */,
			);
			runOnlyForDeploymentPostprocessing = 0;
		};
/* End PBXResourcesBuildPhase section */

/* Begin PBXShellScriptBuildPhase section */
		953B252DB76BBB9B72FEBA7A /* [CP] Embed Pods Frameworks */ = {
			isa = PBXShellScriptBuildPhase;
			buildActionMask = 2147483647;
			files = (
			);
			inputFileListPaths = (
				"${PODS_ROOT}/Target Support Files/Pods-LoginViewCode/Pods-LoginViewCode-frameworks-${CONFIGURATION}-input-files.xcfilelist",
			);
			name = "[CP] Embed Pods Frameworks";
			outputFileListPaths = (
				"${PODS_ROOT}/Target Support Files/Pods-LoginViewCode/Pods-LoginViewCode-frameworks-${CONFIGURATION}-output-files.xcfilelist",
			);
			runOnlyForDeploymentPostprocessing = 0;
			shellPath = /bin/sh;
			shellScript = "\"${PODS_ROOT}/Target Support Files/Pods-LoginViewCode/Pods-LoginViewCode-frameworks.sh\"\n";
			showEnvVarsInLog = 0;
		};
		AEABAD0D7AA5483771E736FF /* [CP] Check Pods Manifest.lock */ = {
			isa = PBXShellScriptBuildPhase;
			buildActionMask = 2147483647;
			files = (
			);
			inputFileListPaths = (
			);
			inputPaths = (
				"${PODS_PODFILE_DIR_PATH}/Podfile.lock",
				"${PODS_ROOT}/Manifest.lock",
			);
			name = "[CP] Check Pods Manifest.lock";
			outputFileListPaths = (
			);
			outputPaths = (
				"$(DERIVED_FILE_DIR)/Pods-LoginViewCode-checkManifestLockResult.txt",
			);
			runOnlyForDeploymentPostprocessing = 0;
			shellPath = /bin/sh;
			shellScript = "diff \"${PODS_PODFILE_DIR_PATH}/Podfile.lock\" \"${PODS_ROOT}/Manifest.lock\" > /dev/null\nif [ $? != 0 ] ; then\n    # print error to STDERR\n    echo \"error: The sandbox is not in sync with the Podfile.lock. Run 'pod install' or update your CocoaPods installation.\" >&2\n    exit 1\nfi\n# This output is used by Xcode 'outputs' to avoid re-running this script phase.\necho \"SUCCESS\" > \"${SCRIPT_OUTPUT_FILE_0}\"\n";
			showEnvVarsInLog = 0;
		};
/* End PBXShellScriptBuildPhase section */

/* Begin PBXSourcesBuildPhase section */
		6B77CF9A280890D90077158F /* Sources */ = {
			isa = PBXSourcesBuildPhase;
			buildActionMask = 2147483647;
			files = (
				6BC13BE0280DDF88006E9F2D /* RegisterScreen.swift in Sources */,
				6B77CFA6280890D90077158F /* LoginViewController.swift in Sources */,
				6B77CFBD2808952D0077158F /* RegisterViewController.swift in Sources */,
				6B2BEB2028201DD900FD2A87 /* SportCollectionViewCell.swift in Sources */,
				6B8DD19D2819DD05006177A9 /* HomeViewController.swift in Sources */,
				6B2BEB252820419000FD2A87 /* Sport.swift in Sources */,
				6B2BEB2228201E1800FD2A87 /* SportCollectionViewCellScreen.swift in Sources */,
				6B2BEB16281C4A7600FD2A87 /* UserDetailView.swift in Sources */,
				6B2BEB11281B19D000FD2A87 /* DataUser.swift in Sources */,
				6B2BEB1C281F161700FD2A87 /* SportTableViewCellScreen.swift in Sources */,
				6B2BEB1A281C71AF00FD2A87 /* SportTableViewCell.swift in Sources */,
				6B77CFB8280892310077158F /* LoginScreen.swift in Sources */,
				6B2BEB0E281B040700FD2A87 /* UserDetailTableViewCell.swift in Sources */,
				6B8DD19F2819DDA4006177A9 /* HomeScreen.swift in Sources */,
				6B77CFA2280890D90077158F /* AppDelegate.swift in Sources */,
				6B77CFA4280890D90077158F /* SceneDelegate.swift in Sources */,
				6B8DD1982819BE9B006177A9 /* Alert.swift in Sources */,
			);
			runOnlyForDeploymentPostprocessing = 0;
		};
/* End PBXSourcesBuildPhase section */

/* Begin PBXVariantGroup section */
		6B77CFAC280890E00077158F /* LaunchScreen.storyboard */ = {
			isa = PBXVariantGroup;
			children = (
				6B77CFAD280890E00077158F /* Base */,
			);
			name = LaunchScreen.storyboard;
			sourceTree = "<group>";
		};
/* End PBXVariantGroup section */

/* Begin XCBuildConfiguration section */
		6B77CFB0280890E00077158F /* Debug */ = {
			isa = XCBuildConfiguration;
			buildSettings = {
				ALWAYS_SEARCH_USER_PATHS = NO;
				CLANG_ANALYZER_NONNULL = YES;
				CLANG_ANALYZER_NUMBER_OBJECT_CONVERSION = YES_AGGRESSIVE;
				CLANG_CXX_LANGUAGE_STANDARD = "gnu++17";
				CLANG_ENABLE_MODULES = YES;
				CLANG_ENABLE_OBJC_ARC = YES;
				CLANG_ENABLE_OBJC_WEAK = YES;
				CLANG_WARN_BLOCK_CAPTURE_AUTORELEASING = YES;
				CLANG_WARN_BOOL_CONVERSION = YES;
				CLANG_WARN_COMMA = YES;
				CLANG_WARN_CONSTANT_CONVERSION = YES;
				CLANG_WARN_DEPRECATED_OBJC_IMPLEMENTATIONS = YES;
				CLANG_WARN_DIRECT_OBJC_ISA_USAGE = YES_ERROR;
				CLANG_WARN_DOCUMENTATION_COMMENTS = YES;
				CLANG_WARN_EMPTY_BODY = YES;
				CLANG_WARN_ENUM_CONVERSION = YES;
				CLANG_WARN_INFINITE_RECURSION = YES;
				CLANG_WARN_INT_CONVERSION = YES;
				CLANG_WARN_NON_LITERAL_NULL_CONVERSION = YES;
				CLANG_WARN_OBJC_IMPLICIT_RETAIN_SELF = YES;
				CLANG_WARN_OBJC_LITERAL_CONVERSION = YES;
				CLANG_WARN_OBJC_ROOT_CLASS = YES_ERROR;
				CLANG_WARN_QUOTED_INCLUDE_IN_FRAMEWORK_HEADER = YES;
				CLANG_WARN_RANGE_LOOP_ANALYSIS = YES;
				CLANG_WARN_STRICT_PROTOTYPES = YES;
				CLANG_WARN_SUSPICIOUS_MOVE = YES;
				CLANG_WARN_UNGUARDED_AVAILABILITY = YES_AGGRESSIVE;
				CLANG_WARN_UNREACHABLE_CODE = YES;
				CLANG_WARN__DUPLICATE_METHOD_MATCH = YES;
				COPY_PHASE_STRIP = NO;
				DEBUG_INFORMATION_FORMAT = dwarf;
				ENABLE_STRICT_OBJC_MSGSEND = YES;
				ENABLE_TESTABILITY = YES;
				GCC_C_LANGUAGE_STANDARD = gnu11;
				GCC_DYNAMIC_NO_PIC = NO;
				GCC_NO_COMMON_BLOCKS = YES;
				GCC_OPTIMIZATION_LEVEL = 0;
				GCC_PREPROCESSOR_DEFINITIONS = (
					"DEBUG=1",
					"$(inherited)",
				);
				GCC_WARN_64_TO_32_BIT_CONVERSION = YES;
				GCC_WARN_ABOUT_RETURN_TYPE = YES_ERROR;
				GCC_WARN_UNDECLARED_SELECTOR = YES;
				GCC_WARN_UNINITIALIZED_AUTOS = YES_AGGRESSIVE;
				GCC_WARN_UNUSED_FUNCTION = YES;
				GCC_WARN_UNUSED_VARIABLE = YES;
				IPHONEOS_DEPLOYMENT_TARGET = 15.4;
				MTL_ENABLE_DEBUG_INFO = INCLUDE_SOURCE;
				MTL_FAST_MATH = YES;
				ONLY_ACTIVE_ARCH = YES;
				SDKROOT = iphoneos;
				SWIFT_ACTIVE_COMPILATION_CONDITIONS = DEBUG;
				SWIFT_OPTIMIZATION_LEVEL = "-Onone";
			};
			name = Debug;
		};
		6B77CFB1280890E00077158F /* Release */ = {
			isa = XCBuildConfiguration;
			buildSettings = {
				ALWAYS_SEARCH_USER_PATHS = NO;
				CLANG_ANALYZER_NONNULL = YES;
				CLANG_ANALYZER_NUMBER_OBJECT_CONVERSION = YES_AGGRESSIVE;
				CLANG_CXX_LANGUAGE_STANDARD = "gnu++17";
				CLANG_ENABLE_MODULES = YES;
				CLANG_ENABLE_OBJC_ARC = YES;
				CLANG_ENABLE_OBJC_WEAK = YES;
				CLANG_WARN_BLOCK_CAPTURE_AUTORELEASING = YES;
				CLANG_WARN_BOOL_CONVERSION = YES;
				CLANG_WARN_COMMA = YES;
				CLANG_WARN_CONSTANT_CONVERSION = YES;
				CLANG_WARN_DEPRECATED_OBJC_IMPLEMENTATIONS = YES;
				CLANG_WARN_DIRECT_OBJC_ISA_USAGE = YES_ERROR;
				CLANG_WARN_DOCUMENTATION_COMMENTS = YES;
				CLANG_WARN_EMPTY_BODY = YES;
				CLANG_WARN_ENUM_CONVERSION = YES;
				CLANG_WARN_INFINITE_RECURSION = YES;
				CLANG_WARN_INT_CONVERSION = YES;
				CLANG_WARN_NON_LITERAL_NULL_CONVERSION = YES;
				CLANG_WARN_OBJC_IMPLICIT_RETAIN_SELF = YES;
				CLANG_WARN_OBJC_LITERAL_CONVERSION = YES;
				CLANG_WARN_OBJC_ROOT_CLASS = YES_ERROR;
				CLANG_WARN_QUOTED_INCLUDE_IN_FRAMEWORK_HEADER = YES;
				CLANG_WARN_RANGE_LOOP_ANALYSIS = YES;
				CLANG_WARN_STRICT_PROTOTYPES = YES;
				CLANG_WARN_SUSPICIOUS_MOVE = YES;
				CLANG_WARN_UNGUARDED_AVAILABILITY = YES_AGGRESSIVE;
				CLANG_WARN_UNREACHABLE_CODE = YES;
				CLANG_WARN__DUPLICATE_METHOD_MATCH = YES;
				COPY_PHASE_STRIP = NO;
				DEBUG_INFORMATION_FORMAT = "dwarf-with-dsym";
				ENABLE_NS_ASSERTIONS = NO;
				ENABLE_STRICT_OBJC_MSGSEND = YES;
				GCC_C_LANGUAGE_STANDARD = gnu11;
				GCC_NO_COMMON_BLOCKS = YES;
				GCC_WARN_64_TO_32_BIT_CONVERSION = YES;
				GCC_WARN_ABOUT_RETURN_TYPE = YES_ERROR;
				GCC_WARN_UNDECLARED_SELECTOR = YES;
				GCC_WARN_UNINITIALIZED_AUTOS = YES_AGGRESSIVE;
				GCC_WARN_UNUSED_FUNCTION = YES;
				GCC_WARN_UNUSED_VARIABLE = YES;
				IPHONEOS_DEPLOYMENT_TARGET = 15.4;
				MTL_ENABLE_DEBUG_INFO = NO;
				MTL_FAST_MATH = YES;
				SDKROOT = iphoneos;
				SWIFT_COMPILATION_MODE = wholemodule;
				SWIFT_OPTIMIZATION_LEVEL = "-O";
				VALIDATE_PRODUCT = YES;
			};
			name = Release;
		};
		6B77CFB3280890E00077158F /* Debug */ = {
			isa = XCBuildConfiguration;
			baseConfigurationReference = 4D4521A6E181A9E2454E8BB8 /* Pods-LoginViewCode.debug.xcconfig */;
			buildSettings = {
				ASSETCATALOG_COMPILER_APPICON_NAME = AppIcon;
				ASSETCATALOG_COMPILER_GLOBAL_ACCENT_COLOR_NAME = AccentColor;
				CODE_SIGN_STYLE = Automatic;
				CURRENT_PROJECT_VERSION = 1;
				GENERATE_INFOPLIST_FILE = YES;
				INFOPLIST_FILE = LoginViewCode/Info.plist;
				INFOPLIST_KEY_UIApplicationSupportsIndirectInputEvents = YES;
				INFOPLIST_KEY_UILaunchStoryboardName = LaunchScreen;
				INFOPLIST_KEY_UISupportedInterfaceOrientations_iPad = "UIInterfaceOrientationPortrait UIInterfaceOrientationPortraitUpsideDown UIInterfaceOrientationLandscapeLeft UIInterfaceOrientationLandscapeRight";
				INFOPLIST_KEY_UISupportedInterfaceOrientations_iPhone = "UIInterfaceOrientationPortrait UIInterfaceOrientationLandscapeLeft UIInterfaceOrientationLandscapeRight";
				LD_RUNPATH_SEARCH_PATHS = (
					"$(inherited)",
					"@executable_path/Frameworks",
				);
				MARKETING_VERSION = 1.0;
				PRODUCT_BUNDLE_IDENTIFIER = lillianSouza.LoginViewCode;
				PRODUCT_NAME = "$(TARGET_NAME)";
				SWIFT_EMIT_LOC_STRINGS = YES;
				SWIFT_VERSION = 5.0;
				TARGETED_DEVICE_FAMILY = "1,2";
			};
			name = Debug;
		};
		6B77CFB4280890E00077158F /* Release */ = {
			isa = XCBuildConfiguration;
			baseConfigurationReference = 5F8181481F985505829D0C12 /* Pods-LoginViewCode.release.xcconfig */;
			buildSettings = {
				ASSETCATALOG_COMPILER_APPICON_NAME = AppIcon;
				ASSETCATALOG_COMPILER_GLOBAL_ACCENT_COLOR_NAME = AccentColor;
				CODE_SIGN_STYLE = Automatic;
				CURRENT_PROJECT_VERSION = 1;
				GENERATE_INFOPLIST_FILE = YES;
				INFOPLIST_FILE = LoginViewCode/Info.plist;
				INFOPLIST_KEY_UIApplicationSupportsIndirectInputEvents = YES;
				INFOPLIST_KEY_UILaunchStoryboardName = LaunchScreen;
				INFOPLIST_KEY_UISupportedInterfaceOrientations_iPad = "UIInterfaceOrientationPortrait UIInterfaceOrientationPortraitUpsideDown UIInterfaceOrientationLandscapeLeft UIInterfaceOrientationLandscapeRight";
				INFOPLIST_KEY_UISupportedInterfaceOrientations_iPhone = "UIInterfaceOrientationPortrait UIInterfaceOrientationLandscapeLeft UIInterfaceOrientationLandscapeRight";
				LD_RUNPATH_SEARCH_PATHS = (
					"$(inherited)",
					"@executable_path/Frameworks",
				);
				MARKETING_VERSION = 1.0;
				PRODUCT_BUNDLE_IDENTIFIER = lillianSouza.LoginViewCode;
				PRODUCT_NAME = "$(TARGET_NAME)";
				SWIFT_EMIT_LOC_STRINGS = YES;
				SWIFT_VERSION = 5.0;
				TARGETED_DEVICE_FAMILY = "1,2";
			};
			name = Release;
		};
/* End XCBuildConfiguration section */

/* Begin XCConfigurationList section */
		6B77CF99280890D90077158F /* Build configuration list for PBXProject "LoginViewCode" */ = {
			isa = XCConfigurationList;
			buildConfigurations = (
				6B77CFB0280890E00077158F /* Debug */,
				6B77CFB1280890E00077158F /* Release */,
			);
			defaultConfigurationIsVisible = 0;
			defaultConfigurationName = Release;
		};
		6B77CFB2280890E00077158F /* Build configuration list for PBXNativeTarget "LoginViewCode" */ = {
			isa = XCConfigurationList;
			buildConfigurations = (
				6B77CFB3280890E00077158F /* Debug */,
				6B77CFB4280890E00077158F /* Release */,
			);
			defaultConfigurationIsVisible = 0;
			defaultConfigurationName = Release;
		};
/* End XCConfigurationList section */
	};
	rootObject = 6B77CF96280890D90077158F /* Project object */;
}
